
Microsoft Visual Studio Solution File, Format Version 12.00
# Visual Studio Version 17
VisualStudioVersion = 17.3.32901.215
MinimumVisualStudioVersion = 10.0.40219.1
Project("{8BC9CEB8-8B4A-11D0-8D11-00A0C91BC942}") = "Server", "Server\Server.vcxproj", "{F4D7F64B-8873-49B1-9AA9-915EB065D00F}"
EndProject
Project("{8BC9CEB8-8B4A-11D0-8D11-00A0C91BC942}") = "Network", "Network\Network.vcxproj", "{90065A5D-0322-426C-8417-C75621D96666}"
EndProject
Project("{8BC9CEB8-8B4A-11D0-8D11-00A0C91BC942}") = "Client", "Client\Client.vcxproj", "{64CF4E18-3839-491D-AD66-F1617DF5BDAA}"
EndProject
Project("{8BC9CEB8-8B4A-11D0-8D11-00A0C91BC942}") = "Protocol", "Protocol\Protocol.vcxproj", "{30D39F0C-3D24-46ED-B865-525B9BA32490}"
EndProject
Global
	GlobalSection(SolutionConfigurationPlatforms) = preSolution
		Debug|x64 = Debug|x64
		Debug|x86 = Debug|x86
		Release|x64 = Release|x64
		Release|x86 = Release|x86
	EndGlobalSection
	GlobalSection(ProjectConfigurationPlatforms) = postSolution
		{F4D7F64B-8873-49B1-9AA9-915EB065D00F}.Debug|x64.ActiveCfg = Debug|x64
		{F4D7F64B-8873-49B1-9AA9-915EB065D00F}.Debug|x64.Build.0 = Debug|x64
		{F4D7F64B-8873-49B1-9AA9-915EB065D00F}.Debug|x86.ActiveCfg = Debug|Win32
		{F4D7F64B-8873-49B1-9AA9-915EB065D00F}.Debug|x86.Build.0 = Debug|Win32
		{F4D7F64B-8873-49B1-9AA9-915EB065D00F}.Release|x64.ActiveCfg = Release|x64
		{F4D7F64B-8873-49B1-9AA9-915EB065D00F}.Release|x64.Build.0 = Release|x64
		{F4D7F64B-8873-49B1-9AA9-915EB065D00F}.Release|x86.ActiveCfg = Release|Win32
		{F4D7F64B-8873-49B1-9AA9-915EB065D00F}.Release|x86.Build.0 = Release|Win32
		{90065A5D-0322-426C-8417-C75621D96666}.Debug|x64.ActiveCfg = Debug|x64
		{90065A5D-0322-426C-8417-C75621D96666}.Debug|x64.Build.0 = Debug|x64
		{90065A5D-0322-426C-8417-C75621D96666}.Debug|x86.ActiveCfg = Debug|Win32
		{90065A5D-0322-426C-8417-C75621D96666}.Debug|x86.Build.0 = Debug|Win32
		{90065A5D-0322-426C-8417-C75621D96666}.Release|x64.ActiveCfg = Release|x64
		{90065A5D-0322-426C-8417-C75621D96666}.Release|x64.Build.0 = Release|x64
		{90065A5D-0322-426C-8417-C75621D96666}.Release|x86.ActiveCfg = Release|Win32
		{90065A5D-0322-426C-8417-C75621D96666}.Release|x86.Build.0 = Release|Win32
		{64CF4E18-3839-491D-AD66-F1617DF5BDAA}.Debug|x64.ActiveCfg = Debug|x64
		{64CF4E18-3839-491D-AD66-F1617DF5BDAA}.Debug|x64.Build.0 = Debug|x64
		{64CF4E18-3839-491D-AD66-F1617DF5BDAA}.Debug|x86.ActiveCfg = Debug|Win32
		{64CF4E18-3839-491D-AD66-F1617DF5BDAA}.Debug|x86.Build.0 = Debug|Win32
		{64CF4E18-3839-491D-AD66-F1617DF5BDAA}.Release|x64.ActiveCfg = Release|x64
		{64CF4E18-3839-491D-AD66-F1617DF5BDAA}.Release|x64.Build.0 = Release|x64
		{64CF4E18-3839-491D-AD66-F1617DF5BDAA}.Release|x86.ActiveCfg = Release|Win32
		{64CF4E18-3839-491D-AD66-F1617DF5BDAA}.Release|x86.Build.0 = Release|Win32
		{30D39F0C-3D24-46ED-B865-525B9BA32490}.Debug|x64.ActiveCfg = Debug|x64
		{30D39F0C-3D24-46ED-B865-525B9BA32490}.Debug|x64.Build.0 = Debug|x64
		{30D39F0C-3D24-46ED-B865-525B9BA32490}.Debug|x86.ActiveCfg = Debug|Win32
		{30D39F0C-3D24-46ED-B865-525B9BA32490}.Debug|x86.Build.0 = Debug|Win32
		{30D39F0C-3D24-46ED-B865-525B9BA32490}.Release|x64.ActiveCfg = Release|x64
		{30D39F0C-3D24-46ED-B865-525B9BA32490}.Release|x64.Build.0 = Release|x64
		{30D39F0C-3D24-46ED-B865-525B9BA32490}.Release|x86.ActiveCfg = Release|Win32
		{30D39F0C-3D24-46ED-B865-525B9BA32490}.Release|x86.Build.0 = Release|Win32
	EndGlobalSection
	GlobalSection(SolutionProperties) = preSolution
		HideSolutionNode = FALSE
	EndGlobalSection
	GlobalSection(ExtensibilityGlobals) = postSolution
		SolutionGuid = {555D10DB-E9CF-4B9C-B058-F218D6D0E9F8}
	EndGlobalSection
EndGlobal
